// !$*UTF8*$!
{
	archiveVersion = 1;
	classes = {
	};
	objectVersion = 46;
	objects = {

/* Begin PBXBuildFile section */
		5A1873301DFE66A300DECBB7 /* XibBenchmarksTests.m in Sources */ = {isa = PBXBuildFile; fileRef = 5A18732F1DFE66A300DECBB7 /* XibBenchmarksTests.m */; };
		5A6780481DCCFF8300EC0DFE /* main.m in Sources */ = {isa = PBXBuildFile; fileRef = 5A6780471DCCFF8300EC0DFE /* main.m */; };
		5A67804B1DCCFF8300EC0DFE /* AppDelegate.m in Sources */ = {isa = PBXBuildFile; fileRef = 5A67804A1DCCFF8300EC0DFE /* AppDelegate.m */; };
		5A67804E1DCCFF8300EC0DFE /* ViewController.m in Sources */ = {isa = PBXBuildFile; fileRef = 5A67804D1DCCFF8300EC0DFE /* ViewController.m */; };
		5A6780511DCCFF8300EC0DFE /* Main.storyboard in Resources */ = {isa = PBXBuildFile; fileRef = 5A67804F1DCCFF8300EC0DFE /* Main.storyboard */; };
		5A6780531DCCFF8300EC0DFE /* Assets.xcassets in Resources */ = {isa = PBXBuildFile; fileRef = 5A6780521DCCFF8300EC0DFE /* Assets.xcassets */; };
		5A6780561DCCFF8300EC0DFE /* LaunchScreen.storyboard in Resources */ = {isa = PBXBuildFile; fileRef = 5A6780541DCCFF8300EC0DFE /* LaunchScreen.storyboard */; };
		5A67805E1DCCFFB400EC0DFE /* View.xib in Resources */ = {isa = PBXBuildFile; fileRef = 5A67805D1DCCFFB400EC0DFE /* View.xib */; };
		5A6780621DCD00BC00EC0DFE /* View.m in Sources */ = {isa = PBXBuildFile; fileRef = 5A6780611DCD00BC00EC0DFE /* View.m */; };
		5A6780641DCD06D600EC0DFE /* View2.xib in Resources */ = {isa = PBXBuildFile; fileRef = 5A6780631DCD06D600EC0DFE /* View2.xib */; };
		5A6780671DCD06E300EC0DFE /* View2.m in Sources */ = {isa = PBXBuildFile; fileRef = 5A6780661DCD06E300EC0DFE /* View2.m */; };
		5A6780691DCD091800EC0DFE /* View3.xib in Resources */ = {isa = PBXBuildFile; fileRef = 5A6780681DCD091800EC0DFE /* View3.xib */; };
		5A67806C1DCD093000EC0DFE /* View3.m in Sources */ = {isa = PBXBuildFile; fileRef = 5A67806B1DCD093000EC0DFE /* View3.m */; };
/* End PBXBuildFile section */

/* Begin PBXContainerItemProxy section */
		5A1873321DFE66A300DECBB7 /* PBXContainerItemProxy */ = {
			isa = PBXContainerItemProxy;
			containerPortal = 5A67803B1DCCFF8300EC0DFE /* Project object */;
			proxyType = 1;
			remoteGlobalIDString = 5A6780421DCCFF8300EC0DFE;
			remoteInfo = XibBenchmarks;
		};
/* End PBXContainerItemProxy section */

/* Begin PBXFileReference section */
		5A18732D1DFE66A300DECBB7 /* XibBenchmarksTests.xctest */ = {isa = PBXFileReference; explicitFileType = wrapper.cfbundle; includeInIndex = 0; path = XibBenchmarksTests.xctest; sourceTree = BUILT_PRODUCTS_DIR; };
		5A18732F1DFE66A300DECBB7 /* XibBenchmarksTests.m */ = {isa = PBXFileReference; lastKnownFileType = sourcecode.c.objc; path = XibBenchmarksTests.m; sourceTree = "<group>"; };
		5A1873311DFE66A300DECBB7 /* Info.plist */ = {isa = PBXFileReference; lastKnownFileType = text.plist.xml; path = Info.plist; sourceTree = "<group>"; };
		5A6780431DCCFF8300EC0DFE /* XibBenchmarks.app */ = {isa = PBXFileReference; explicitFileType = wrapper.application; includeInIndex = 0; path = XibBenchmarks.app; sourceTree = BUILT_PRODUCTS_DIR; };
		5A6780471DCCFF8300EC0DFE /* main.m */ = {isa = PBXFileReference; lastKnownFileType = sourcecode.c.objc; path = main.m; sourceTree = "<group>"; };
		5A6780491DCCFF8300EC0DFE /* AppDelegate.h */ = {isa = PBXFileReference; lastKnownFileType = sourcecode.c.h; path = AppDelegate.h; sourceTree = "<group>"; };
		5A67804A1DCCFF8300EC0DFE /* AppDelegate.m */ = {isa = PBXFileReference; lastKnownFileType = sourcecode.c.objc; path = AppDelegate.m; sourceTree = "<group>"; };
		5A67804C1DCCFF8300EC0DFE /* ViewController.h */ = {isa = PBXFileReference; lastKnownFileType = sourcecode.c.h; path = ViewController.h; sourceTree = "<group>"; };
		5A67804D1DCCFF8300EC0DFE /* ViewController.m */ = {isa = PBXFileReference; lastKnownFileType = sourcecode.c.objc; path = ViewController.m; sourceTree = "<group>"; };
		5A6780501DCCFF8300EC0DFE /* Base */ = {isa = PBXFileReference; lastKnownFileType = file.storyboard; name = Base; path = Base.lproj/Main.storyboard; sourceTree = "<group>"; };
		5A6780521DCCFF8300EC0DFE /* Assets.xcassets */ = {isa = PBXFileReference; lastKnownFileType = folder.assetcatalog; path = Assets.xcassets; sourceTree = "<group>"; };
		5A6780551DCCFF8300EC0DFE /* Base */ = {isa = PBXFileReference; lastKnownFileType = file.storyboard; name = Base; path = Base.lproj/LaunchScreen.storyboard; sourceTree = "<group>"; };
		5A6780571DCCFF8300EC0DFE /* Info.plist */ = {isa = PBXFileReference; lastKnownFileType = text.plist.xml; path = Info.plist; sourceTree = "<group>"; };
		5A67805D1DCCFFB400EC0DFE /* View.xib */ = {isa = PBXFileReference; fileEncoding = 4; lastKnownFileType = file.xib; name = View.xib; path = ../View.xib; sourceTree = "<group>"; };
		5A6780601DCD00BC00EC0DFE /* View.h */ = {isa = PBXFileReference; fileEncoding = 4; lastKnownFileType = sourcecode.c.h; path = View.h; sourceTree = "<group>"; };
		5A6780611DCD00BC00EC0DFE /* View.m */ = {isa = PBXFileReference; fileEncoding = 4; lastKnownFileType = sourcecode.c.objc; path = View.m; sourceTree = "<group>"; };
		5A6780631DCD06D600EC0DFE /* View2.xib */ = {isa = PBXFileReference; fileEncoding = 4; lastKnownFileType = file.xib; path = View2.xib; sourceTree = "<group>"; };
		5A6780651DCD06E300EC0DFE /* View2.h */ = {isa = PBXFileReference; fileEncoding = 4; lastKnownFileType = sourcecode.c.h; path = View2.h; sourceTree = "<group>"; };
		5A6780661DCD06E300EC0DFE /* View2.m */ = {isa = PBXFileReference; fileEncoding = 4; lastKnownFileType = sourcecode.c.objc; path = View2.m; sourceTree = "<group>"; };
		5A6780681DCD091800EC0DFE /* View3.xib */ = {isa = PBXFileReference; fileEncoding = 4; lastKnownFileType = file.xib; path = View3.xib; sourceTree = "<group>"; };
		5A67806A1DCD093000EC0DFE /* View3.h */ = {isa = PBXFileReference; fileEncoding = 4; lastKnownFileType = sourcecode.c.h; path = View3.h; sourceTree = "<group>"; };
		5A67806B1DCD093000EC0DFE /* View3.m */ = {isa = PBXFileReference; fileEncoding = 4; lastKnownFileType = sourcecode.c.objc; path = View3.m; sourceTree = "<group>"; };
/* End PBXFileReference section */

/* Begin PBXFrameworksBuildPhase section */
		5A18732A1DFE66A300DECBB7 /* Frameworks */ = {
			isa = PBXFrameworksBuildPhase;
			buildActionMask = 2147483647;
			files = (
			);
			runOnlyForDeploymentPostprocessing = 0;
		};
		5A6780401DCCFF8300EC0DFE /* Frameworks */ = {
			isa = PBXFrameworksBuildPhase;
			buildActionMask = 2147483647;
			files = (
			);
			runOnlyForDeploymentPostprocessing = 0;
		};
/* End PBXFrameworksBuildPhase section */

/* Begin PBXGroup section */
		5A18732E1DFE66A300DECBB7 /* XibBenchmarksTests */ = {
			isa = PBXGroup;
			children = (
				5A18732F1DFE66A300DECBB7 /* XibBenchmarksTests.m */,
				5A1873311DFE66A300DECBB7 /* Info.plist */,
			);
			path = XibBenchmarksTests;
			sourceTree = "<group>";
		};
		5A67803A1DCCFF8300EC0DFE = {
			isa = PBXGroup;
			children = (
				5A6780451DCCFF8300EC0DFE /* XibBenchmarks */,
				5A18732E1DFE66A300DECBB7 /* XibBenchmarksTests */,
				5A6780441DCCFF8300EC0DFE /* Products */,
			);
			sourceTree = "<group>";
		};
		5A6780441DCCFF8300EC0DFE /* Products */ = {
			isa = PBXGroup;
			children = (
				5A6780431DCCFF8300EC0DFE /* XibBenchmarks.app */,
				5A18732D1DFE66A300DECBB7 /* XibBenchmarksTests.xctest */,
			);
			name = Products;
			sourceTree = "<group>";
		};
		5A6780451DCCFF8300EC0DFE /* XibBenchmarks */ = {
			isa = PBXGroup;
			children = (
				5A67805F1DCD009A00EC0DFE /* Views */,
				5A6780491DCCFF8300EC0DFE /* AppDelegate.h */,
				5A67804A1DCCFF8300EC0DFE /* AppDelegate.m */,
				5A67804C1DCCFF8300EC0DFE /* ViewController.h */,
				5A67804D1DCCFF8300EC0DFE /* ViewController.m */,
				5A67804F1DCCFF8300EC0DFE /* Main.storyboard */,
				5A6780521DCCFF8300EC0DFE /* Assets.xcassets */,
				5A6780541DCCFF8300EC0DFE /* LaunchScreen.storyboard */,
				5A6780571DCCFF8300EC0DFE /* Info.plist */,
				5A6780461DCCFF8300EC0DFE /* Supporting Files */,
			);
			path = XibBenchmarks;
			sourceTree = "<group>";
		};
		5A6780461DCCFF8300EC0DFE /* Supporting Files */ = {
			isa = PBXGroup;
			children = (
				5A6780471DCCFF8300EC0DFE /* main.m */,
			);
			name = "Supporting Files";
			sourceTree = "<group>";
		};
		5A67805F1DCD009A00EC0DFE /* Views */ = {
			isa = PBXGroup;
			children = (
				5A67805D1DCCFFB400EC0DFE /* View.xib */,
				5A6780601DCD00BC00EC0DFE /* View.h */,
				5A6780611DCD00BC00EC0DFE /* View.m */,
				5A6780631DCD06D600EC0DFE /* View2.xib */,
				5A6780651DCD06E300EC0DFE /* View2.h */,
				5A6780661DCD06E300EC0DFE /* View2.m */,
				5A6780681DCD091800EC0DFE /* View3.xib */,
				5A67806A1DCD093000EC0DFE /* View3.h */,
				5A67806B1DCD093000EC0DFE /* View3.m */,
			);
			path = Views;
			sourceTree = "<group>";
		};
/* End PBXGroup section */

/* Begin PBXNativeTarget section */
		5A18732C1DFE66A300DECBB7 /* XibBenchmarksTests */ = {
			isa = PBXNativeTarget;
			buildConfigurationList = 5A1873361DFE66A300DECBB7 /* Build configuration list for PBXNativeTarget "XibBenchmarksTests" */;
			buildPhases = (
				5A1873291DFE66A300DECBB7 /* Sources */,
				5A18732A1DFE66A300DECBB7 /* Frameworks */,
				5A18732B1DFE66A300DECBB7 /* Resources */,
			);
			buildRules = (
			);
			dependencies = (
				5A1873331DFE66A300DECBB7 /* PBXTargetDependency */,
			);
			name = XibBenchmarksTests;
			productName = XibBenchmarksTests;
			productReference = 5A18732D1DFE66A300DECBB7 /* XibBenchmarksTests.xctest */;
			productType = "com.apple.product-type.bundle.unit-test";
		};
		5A6780421DCCFF8300EC0DFE /* XibBenchmarks */ = {
			isa = PBXNativeTarget;
			buildConfigurationList = 5A67805A1DCCFF8300EC0DFE /* Build configuration list for PBXNativeTarget "XibBenchmarks" */;
			buildPhases = (
				5A67803F1DCCFF8300EC0DFE /* Sources */,
				5A6780401DCCFF8300EC0DFE /* Frameworks */,
				5A6780411DCCFF8300EC0DFE /* Resources */,
			);
			buildRules = (
			);
			dependencies = (
			);
			name = XibBenchmarks;
			productName = XibBenchmarks;
			productReference = 5A6780431DCCFF8300EC0DFE /* XibBenchmarks.app */;
			productType = "com.apple.product-type.application";
		};
/* End PBXNativeTarget section */

/* Begin PBXProject section */
		5A67803B1DCCFF8300EC0DFE /* Project object */ = {
			isa = PBXProject;
			attributes = {
				LastUpgradeCheck = 0810;
				ORGANIZATIONNAME = Mgen;
				TargetAttributes = {
					5A18732C1DFE66A300DECBB7 = {
						CreatedOnToolsVersion = 8.1;
						ProvisioningStyle = Manual;
						TestTargetID = 5A6780421DCCFF8300EC0DFE;
					};
					5A6780421DCCFF8300EC0DFE = {
						CreatedOnToolsVersion = 8.1;
						ProvisioningStyle = Manual;
					};
				};
			};
			buildConfigurationList = 5A67803E1DCCFF8300EC0DFE /* Build configuration list for PBXProject "XibBenchmarks" */;
			compatibilityVersion = "Xcode 3.2";
			developmentRegion = English;
			hasScannedForEncodings = 0;
			knownRegions = (
				en,
				Base,
			);
			mainGroup = 5A67803A1DCCFF8300EC0DFE;
			productRefGroup = 5A6780441DCCFF8300EC0DFE /* Products */;
			projectDirPath = "";
			projectRoot = "";
			targets = (
				5A6780421DCCFF8300EC0DFE /* XibBenchmarks */,
				5A18732C1DFE66A300DECBB7 /* XibBenchmarksTests */,
			);
		};
/* End PBXProject section */

/* Begin PBXResourcesBuildPhase section */
		5A18732B1DFE66A300DECBB7 /* Resources */ = {
			isa = PBXResourcesBuildPhase;
			buildActionMask = 2147483647;
			files = (
			);
			runOnlyForDeploymentPostprocessing = 0;
		};
		5A6780411DCCFF8300EC0DFE /* Resources */ = {
			isa = PBXResourcesBuildPhase;
			buildActionMask = 2147483647;
			files = (
				5A67805E1DCCFFB400EC0DFE /* View.xib in Resources */,
				5A6780561DCCFF8300EC0DFE /* LaunchScreen.storyboard in Resources */,
				5A6780691DCD091800EC0DFE /* View3.xib in Resources */,
				5A6780531DCCFF8300EC0DFE /* Assets.xcassets in Resources */,
				5A6780641DCD06D600EC0DFE /* View2.xib in Resources */,
				5A6780511DCCFF8300EC0DFE /* Main.storyboard in Resources */,
			);
			runOnlyForDeploymentPostprocessing = 0;
		};
/* End PBXResourcesBuildPhase section */

/* Begin PBXSourcesBuildPhase section */
		5A1873291DFE66A300DECBB7 /* Sources */ = {
			isa = PBXSourcesBuildPhase;
			buildActionMask = 2147483647;
			files = (
				5A1873301DFE66A300DECBB7 /* XibBenchmarksTests.m in Sources */,
			);
			runOnlyForDeploymentPostprocessing = 0;
		};
		5A67803F1DCCFF8300EC0DFE /* Sources */ = {
			isa = PBXSourcesBuildPhase;
			buildActionMask = 2147483647;
			files = (
				5A67806C1DCD093000EC0DFE /* View3.m in Sources */,
				5A6780621DCD00BC00EC0DFE /* View.m in Sources */,
				5A67804E1DCCFF8300EC0DFE /* ViewController.m in Sources */,
				5A6780671DCD06E300EC0DFE /* View2.m in Sources */,
				5A67804B1DCCFF8300EC0DFE /* AppDelegate.m in Sources */,
				5A6780481DCCFF8300EC0DFE /* main.m in Sources */,
			);
			runOnlyForDeploymentPostprocessing = 0;
		};
/* End PBXSourcesBuildPhase section */

/* Begin PBXTargetDependency section */
		5A1873331DFE66A300DECBB7 /* PBXTargetDependency */ = {
			isa = PBXTargetDependency;
			target = 5A6780421DCCFF8300EC0DFE /* XibBenchmarks */;
			targetProxy = 5A1873321DFE66A300DECBB7 /* PBXContainerItemProxy */;
		};
/* End PBXTargetDependency section */

/* Begin PBXVariantGroup section */
		5A67804F1DCCFF8300EC0DFE /* Main.storyboard */ = {
			isa = PBXVariantGroup;
			children = (
				5A6780501DCCFF8300EC0DFE /* Base */,
			);
			name = Main.storyboard;
			sourceTree = "<group>";
		};
		5A6780541DCCFF8300EC0DFE /* LaunchScreen.storyboard */ = {
			isa = PBXVariantGroup;
			children = (
				5A6780551DCCFF8300EC0DFE /* Base */,
			);
			name = LaunchScreen.storyboard;
			sourceTree = "<group>";
		};
/* End PBXVariantGroup section */

/* Begin XCBuildConfiguration section */
		5A1873341DFE66A300DECBB7 /* Debug */ = {
			isa = XCBuildConfiguration;
			buildSettings = {
				BUNDLE_LOADER = "$(TEST_HOST)";
				DEVELOPMENT_TEAM = "";
				INFOPLIST_FILE = XibBenchmarksTests/Info.plist;
				LD_RUNPATH_SEARCH_PATHS = "$(inherited) @executable_path/Frameworks @loader_path/Frameworks";
				PRODUCT_BUNDLE_IDENTIFIER = Mgen.XibBenchmarksTests;
				PRODUCT_NAME = "$(TARGET_NAME)";
				TEST_HOST = "$(BUILT_PRODUCTS_DIR)/XibBenchmarks.app/XibBenchmarks";
			};
			name = Debug;
		};
		5A1873351DFE66A300DECBB7 /* Release */ = {
			isa = XCBuildConfiguration;
			buildSettings = {
				BUNDLE_LOADER = "$(TEST_HOST)";
				DEVELOPMENT_TEAM = "";
				INFOPLIST_FILE = XibBenchmarksTests/Info.plist;
				LD_RUNPATH_SEARCH_PATHS = "$(inherited) @executable_path/Frameworks @loader_path/Frameworks";
				PRODUCT_BUNDLE_IDENTIFIER = Mgen.XibBenchmarksTests;
				PRODUCT_NAME = "$(TARGET_NAME)";
				TEST_HOST = "$(BUILT_PRODUCTS_DIR)/XibBenchmarks.app/XibBenchmarks";
			};
			name = Release;
		};
		5A6780581DCCFF8300EC0DFE /* Debug */ = {
			isa = XCBuildConfiguration;
			buildSettings = {
				ALWAYS_SEARCH_USER_PATHS = NO;
				CLANG_ANALYZER_NONNULL = YES;
				CLANG_CXX_LANGUAGE_STANDARD = "gnu++0x";
				CLANG_CXX_LIBRARY = "libc++";
				CLANG_ENABLE_MODULES = YES;
				CLANG_ENABLE_OBJC_ARC = YES;
				CLANG_WARN_BOOL_CONVERSION = YES;
				CLANG_WARN_CONSTANT_CONVERSION = YES;
				CLANG_WARN_DIRECT_OBJC_ISA_USAGE = YES_ERROR;
				CLANG_WARN_DOCUMENTATION_COMMENTS = YES;
				CLANG_WARN_EMPTY_BODY = YES;
				CLANG_WARN_ENUM_CONVERSION = YES;
				CLANG_WARN_INFINITE_RECURSION = YES;
				CLANG_WARN_INT_CONVERSION = YES;
				CLANG_WARN_OBJC_ROOT_CLASS = YES_ERROR;
				CLANG_WARN_SUSPICIOUS_MOVES = YES;
				CLANG_WARN_UNREACHABLE_CODE = YES;
				CLANG_WARN__DUPLICATE_METHOD_MATCH = YES;
				"CODE_SIGN_IDENTITY[sdk=iphoneos*]" = "iPhone Developer";
				COPY_PHASE_STRIP = NO;
				DEBUG_INFORMATION_FORMAT = dwarf;
				ENABLE_STRICT_OBJC_MSGSEND = YES;
				ENABLE_TESTABILITY = YES;
				GCC_C_LANGUAGE_STANDARD = gnu99;
				GCC_DYNAMIC_NO_PIC = NO;
				GCC_NO_COMMON_BLOCKS = YES;
				GCC_OPTIMIZATION_LEVEL = 0;
				GCC_PREPROCESSOR_DEFINITIONS = (
					"DEBUG=1",
					"$(inherited)",
				);
				GCC_WARN_64_TO_32_BIT_CONVERSION = YES;
				GCC_WARN_ABOUT_RETURN_TYPE = YES_ERROR;
				GCC_WARN_UNDECLARED_SELECTOR = YES;
				GCC_WARN_UNINITIALIZED_AUTOS = YES_AGGRESSIVE;
				GCC_WARN_UNUSED_FUNCTION = YES;
				GCC_WARN_UNUSED_VARIABLE = YES;
				IPHONEOS_DEPLOYMENT_TARGET = 10.1;
				MTL_ENABLE_DEBUG_INFO = YES;
				ONLY_ACTIVE_ARCH = YES;
				SDKROOT = iphoneos;
			};
			name = Debug;
		};
		5A6780591DCCFF8300EC0DFE /* Release */ = {
			isa = XCBuildConfiguration;
			buildSettings = {
				ALWAYS_SEARCH_USER_PATHS = NO;
				CLANG_ANALYZER_NONNULL = YES;
				CLANG_CXX_LANGUAGE_STANDARD = "gnu++0x";
				CLANG_CXX_LIBRARY = "libc++";
				CLANG_ENABLE_MODULES = YES;
				CLANG_ENABLE_OBJC_ARC = YES;
				CLANG_WARN_BOOL_CONVERSION = YES;
				CLANG_WARN_CONSTANT_CONVERSION = YES;
				CLANG_WARN_DIRECT_OBJC_ISA_USAGE = YES_ERROR;
				CLANG_WARN_DOCUMENTATION_COMMENTS = YES;
				CLANG_WARN_EMPTY_BODY = YES;
				CLANG_WARN_ENUM_CONVERSION = YES;
				CLANG_WARN_INFINITE_RECURSION = YES;
				CLANG_WARN_INT_CONVERSION = YES;
				CLANG_WARN_OBJC_ROOT_CLASS = YES_ERROR;
				CLANG_WARN_SUSPICIOUS_MOVES = YES;
				CLANG_WARN_UNREACHABLE_CODE = YES;
				CLANG_WARN__DUPLICATE_METHOD_MATCH = YES;
				"CODE_SIGN_IDENTITY[sdk=iphoneos*]" = "iPhone Developer";
				COPY_PHASE_STRIP = NO;
				DEBUG_INFORMATION_FORMAT = "dwarf-with-dsym";
				ENABLE_NS_ASSERTIONS = NO;
				ENABLE_STRICT_OBJC_MSGSEND = YES;
				GCC_C_LANGUAGE_STANDARD = gnu99;
				GCC_NO_COMMON_BLOCKS = YES;
				GCC_WARN_64_TO_32_BIT_CONVERSION = YES;
				GCC_WARN_ABOUT_RETURN_TYPE = YES_ERROR;
				GCC_WARN_UNDECLARED_SELECTOR = YES;
				GCC_WARN_UNINITIALIZED_AUTOS = YES_AGGRESSIVE;
				GCC_WARN_UNUSED_FUNCTION = YES;
				GCC_WARN_UNUSED_VARIABLE = YES;
				IPHONEOS_DEPLOYMENT_TARGET = 10.1;
				MTL_ENABLE_DEBUG_INFO = NO;
				SDKROOT = iphoneos;
				VALIDATE_PRODUCT = YES;
			};
			name = Release;
		};
		5A67805B1DCCFF8300EC0DFE /* Debug */ = {
			isa = XCBuildConfiguration;
			buildSettings = {
				ASSETCATALOG_COMPILER_APPICON_NAME = AppIcon;
				DEVELOPMENT_TEAM = "";
				INFOPLIST_FILE = XibBenchmarks/Info.plist;
				IPHONEOS_DEPLOYMENT_TARGET = 8.4;
				LD_RUNPATH_SEARCH_PATHS = "$(inherited) @executable_path/Frameworks";
				PRODUCT_BUNDLE_IDENTIFIER = Mgen.XibBenchmarks;
				PRODUCT_NAME = "$(TARGET_NAME)";
			};
			name = Debug;
		};
		5A67805C1DCCFF8300EC0DFE /* Release */ = {
			isa = XCBuildConfiguration;
			buildSettings = {
				ASSETCATALOG_COMPILER_APPICON_NAME = AppIcon;
				DEVELOPMENT_TEAM = "";
				INFOPLIST_FILE = XibBenchmarks/Info.plist;
				IPHONEOS_DEPLOYMENT_TARGET = 8.4;
				LD_RUNPATH_SEARCH_PATHS = "$(inherited) @executable_path/Frameworks";
				PRODUCT_BUNDLE_IDENTIFIER = Mgen.XibBenchmarks;
				PRODUCT_NAME = "$(TARGET_NAME)";
			};
			name = Release;
		};
/* End XCBuildConfiguration section */

/* Begin XCConfigurationList section */
		5A1873361DFE66A300DECBB7 /* Build configuration list for PBXNativeTarget "XibBenchmarksTests" */ = {
			isa = XCConfigurationList;
			buildConfigurations = (
				5A1873341DFE66A300DECBB7 /* Debug */,
				5A1873351DFE66A300DECBB7 /* Release */,
			);
			defaultConfigurationIsVisible = 0;
		};
		5A67803E1DCCFF8300EC0DFE /* Build configuration list for PBXProject "XibBenchmarks" */ = {
			isa = XCConfigurationList;
			buildConfigurations = (
				5A6780581DCCFF8300EC0DFE /* Debug */,
				5A6780591DCCFF8300EC0DFE /* Release */,
			);
			defaultConfigurationIsVisible = 0;
			defaultConfigurationName = Release;
		};
		5A67805A1DCCFF8300EC0DFE /* Build configuration list for PBXNativeTarget "XibBenchmarks" */ = {
			isa = XCConfigurationList;
			buildConfigurations = (
				5A67805B1DCCFF8300EC0DFE /* Debug */,
				5A67805C1DCCFF8300EC0DFE /* Release */,
			);
			defaultConfigurationIsVisible = 0;
			defaultConfigurationName = Release;
		};
/* End XCConfigurationList section */
	};
	rootObject = 5A67803B1DCCFF8300EC0DFE /* Project object */;
}
